
Microsoft Visual Studio Solution File, Format Version 12.00
Project("{FAE04EC0-301F-11D3-BF4B-00C04F79EFBC}") = "Minesweeper", "Minesweeper\Minesweeper.csproj", "{1F7CCBF5-33B9-48DE-B085-BB4EC093A1CD}"
EndProject
Project("{FAE04EC0-301F-11D3-BF4B-00C04F79EFBC}") = "Ki", "Ki\Ki.csproj", "{0DAD9732-F8A9-4712-8B29-122B34B56307}"
EndProject
Global
	GlobalSection(SolutionConfigurationPlatforms) = preSolution
		Debug|Any CPU = Debug|Any CPU
		Release|Any CPU = Release|Any CPU
	EndGlobalSection
	GlobalSection(ProjectConfigurationPlatforms) = postSolution
		{1F7CCBF5-33B9-48DE-B085-BB4EC093A1CD}.Debug|Any CPU.ActiveCfg = Debug|Any CPU
		{1F7CCBF5-33B9-48DE-B085-BB4EC093A1CD}.Debug|Any CPU.Build.0 = Debug|Any CPU
		{1F7CCBF5-33B9-48DE-B085-BB4EC093A1CD}.Release|Any CPU.ActiveCfg = Release|Any CPU
		{1F7CCBF5-33B9-48DE-B085-BB4EC093A1CD}.Release|Any CPU.Build.0 = Release|Any CPU
		{0DAD9732-F8A9-4712-8B29-122B34B56307}.Debug|Any CPU.ActiveCfg = Debug|Any CPU
		{0DAD9732-F8A9-4712-8B29-122B34B56307}.Debug|Any CPU.Build.0 = Debug|Any CPU
		{0DAD9732-F8A9-4712-8B29-122B34B56307}.Release|Any CPU.ActiveCfg = Release|Any CPU
		{0DAD9732-F8A9-4712-8B29-122B34B56307}.Release|Any CPU.Build.0 = Release|Any CPU
	EndGlobalSection
EndGlobal
